Microsoft Visual Studio Solution File, Format Version 11.00
# Visual Studio 2008

Project("{AB5DC836-CB33-2170-E366-5A8F2E300064}") = "CS113", "Assembly-CSharp-firstpass.csproj", "{A19A6D61-5EBB-4FAA-0525-634C427B01D9}"
EndProject
Project("{AB5DC836-CB33-2170-E366-5A8F2E300064}") = "CS113", "Assembly-CSharp.csproj", "{FD8DB897-CE99-693C-EA8D-A6C54702C46A}"
EndProject
Global
	GlobalSection(SolutionConfigurationPlatforms) = preSolution
		Debug|Any CPU = Debug|Any CPU
		Release|Any CPU = Release|Any CPU
	EndGlobalSection
	GlobalSection(ProjectConfigurationPlatforms) = postSolution
		{A19A6D61-5EBB-4FAA-0525-634C427B01D9}.Debug|Any CPU.ActiveCfg = Debug|Any CPU
		{A19A6D61-5EBB-4FAA-0525-634C427B01D9}.Debug|Any CPU.Build.0 = Debug|Any CPU
		{A19A6D61-5EBB-4FAA-0525-634C427B01D9}.Release|Any CPU.ActiveCfg = Release|Any CPU
		{A19A6D61-5EBB-4FAA-0525-634C427B01D9}.Release|Any CPU.Build.0 = Release|Any CPU
		{FD8DB897-CE99-693C-EA8D-A6C54702C46A}.Debug|Any CPU.ActiveCfg = Debug|Any CPU
		{FD8DB897-CE99-693C-EA8D-A6C54702C46A}.Debug|Any CPU.Build.0 = Debug|Any CPU
		{FD8DB897-CE99-693C-EA8D-A6C54702C46A}.Release|Any CPU.ActiveCfg = Release|Any CPU
		{FD8DB897-CE99-693C-EA8D-A6C54702C46A}.Release|Any CPU.Build.0 = Release|Any CPU
	EndGlobalSection
	GlobalSection(SolutionProperties) = preSolution
		HideSolutionNode = FALSE
	EndGlobalSection
<<<<<<< HEAD
																																																																																																																																																																																																																																																																																																																																																																																																																																																																																																																																																																																																																																																																																																																																																																																																									GlobalSection(MonoDevelopProperties) = preSolution
=======
																																																																																																																																																																																																																																																																																																																																																																																																																																																																																																																																																																																																																																																																																																																																																																																																								GlobalSection(MonoDevelopProperties) = preSolution
>>>>>>> e4a3f82c0e4e421837fb5a7c56023ecb5dbd4951
=======
																																																																																														GlobalSection(MonoDevelopProperties) = preSolution
>>>>>>> a5775d0a18c25b71a50d928ffaf561be5eeba426
		StartupItem = Assembly-CSharp.csproj
		Policies = $0
		$0.TextStylePolicy = $1
		$1.inheritsSet = null
		$1.scope = text/x-csharp
		$0.CSharpFormattingPolicy = $2
		$2.inheritsSet = Mono
		$2.inheritsScope = text/x-csharp
		$2.scope = text/x-csharp
		$0.TextStylePolicy = $3
		$3.FileWidth = 120
		$3.TabWidth = 4
		$3.IndentWidth = 4
		$3.EolMarker = Unix
		$3.inheritsSet = Mono
		$3.inheritsScope = text/plain
		$3.scope = text/plain
	EndGlobalSection

EndGlobal
